
Microsoft Visual Studio Solution File, Format Version 12.00
# Visual Studio Version 16
VisualStudioVersion = 16.0.33529.622
MinimumVisualStudioVersion = 10.0.40219.1
Project("{FAE04EC0-301F-11D3-BF4B-00C04F79EFBC}") = "Invoice_Enterwell", "Invoice_Enterwell\Invoice_Enterwell.csproj", "{FB7ECE7F-05DB-4CE2-B979-AB1E00AADDDD}"
EndProject
Global
	GlobalSection(SolutionConfigurationPlatforms) = preSolution
		Debug|Any CPU = Debug|Any CPU
		Release|Any CPU = Release|Any CPU
	EndGlobalSection
	GlobalSection(ProjectConfigurationPlatforms) = postSolution
		{FB7ECE7F-05DB-4CE2-B979-AB1E00AADDDD}.Debug|Any CPU.ActiveCfg = Debug|Any CPU
		{FB7ECE7F-05DB-4CE2-B979-AB1E00AADDDD}.Debug|Any CPU.Build.0 = Debug|Any CPU
		{FB7ECE7F-05DB-4CE2-B979-AB1E00AADDDD}.Release|Any CPU.ActiveCfg = Release|Any CPU
		{FB7ECE7F-05DB-4CE2-B979-AB1E00AADDDD}.Release|Any CPU.Build.0 = Release|Any CPU
	EndGlobalSection
	GlobalSection(SolutionProperties) = preSolution
		HideSolutionNode = FALSE
	EndGlobalSection
	GlobalSection(ExtensibilityGlobals) = postSolution
		SolutionGuid = {AD58F34A-3076-4288-870B-387C2B84D415}
	EndGlobalSection
EndGlobal
